
Microsoft Visual Studio Solution File, Format Version 12.00
# Visual Studio Version 17
VisualStudioVersion = 17.0.31912.275
MinimumVisualStudioVersion = 10.0.40219.1
Project("{FAE04EC0-301F-11D3-BF4B-00C04F79EFBC}") = "ReedExTest", "ReedExTest\ReedExTest.csproj", "{FAA842D9-1CFD-446D-8246-6A88AE9B4748}"
EndProject
Global
	GlobalSection(SolutionConfigurationPlatforms) = preSolution
		Debug|Any CPU = Debug|Any CPU
		Release|Any CPU = Release|Any CPU
	EndGlobalSection
	GlobalSection(ProjectConfigurationPlatforms) = postSolution
		{FAA842D9-1CFD-446D-8246-6A88AE9B4748}.Debug|Any CPU.ActiveCfg = Debug|Any CPU
		{FAA842D9-1CFD-446D-8246-6A88AE9B4748}.Debug|Any CPU.Build.0 = Debug|Any CPU
		{FAA842D9-1CFD-446D-8246-6A88AE9B4748}.Release|Any CPU.ActiveCfg = Release|Any CPU
		{FAA842D9-1CFD-446D-8246-6A88AE9B4748}.Release|Any CPU.Build.0 = Release|Any CPU
	EndGlobalSection
	GlobalSection(SolutionProperties) = preSolution
		HideSolutionNode = FALSE
	EndGlobalSection
	GlobalSection(ExtensibilityGlobals) = postSolution
		SolutionGuid = {B5421EA1-D760-45D3-9C4A-D043814C88C6}
	EndGlobalSection
EndGlobal
